
Microsoft Visual Studio Solution File, Format Version 12.00
# Visual Studio Version 17
VisualStudioVersion = 17.13.35919.96 d17.13
MinimumVisualStudioVersion = 10.0.40219.1
Project("{FAE04EC0-301F-11D3-BF4B-00C04F79EFBC}") = "EnvironmentStatusApi", "EnvironmentStatusApi.csproj", "{FE1D6A85-19CE-4623-9F2A-A48BDA64DD24}"
EndProject
Global
	GlobalSection(SolutionConfigurationPlatforms) = preSolution
		Debug|Any CPU = Debug|Any CPU
		Release|Any CPU = Release|Any CPU
	EndGlobalSection
	GlobalSection(ProjectConfigurationPlatforms) = postSolution
		{FE1D6A85-19CE-4623-9F2A-A48BDA64DD24}.Debug|Any CPU.ActiveCfg = Debug|Any CPU
		{FE1D6A85-19CE-4623-9F2A-A48BDA64DD24}.Debug|Any CPU.Build.0 = Debug|Any CPU
		{FE1D6A85-19CE-4623-9F2A-A48BDA64DD24}.Release|Any CPU.ActiveCfg = Release|Any CPU
		{FE1D6A85-19CE-4623-9F2A-A48BDA64DD24}.Release|Any CPU.Build.0 = Release|Any CPU
	EndGlobalSection
	GlobalSection(SolutionProperties) = preSolution
		HideSolutionNode = FALSE
	EndGlobalSection
	GlobalSection(ExtensibilityGlobals) = postSolution
		SolutionGuid = {B8B2E276-0C1B-46F7-BEE5-759A02528591}
	EndGlobalSection
EndGlobal
